{
  "object": {
    "pins": [
      {
        "package": "AWS",
        "repositoryURL": "https://github.com/nodes-vapor/aws.git",
        "state": {
          "branch": null,
          "revision": "1aa121f6d0b86323b77afded850b97ab2e0801c6",
          "version": "1.0.0"
        }
      },
      {
        "package": "AuditProvider",
        "repositoryURL": "https://github.com/nodes-vapor/audit-provider.git",
        "state": {
          "branch": null,
          "revision": "b5d3fc2f562b6df47bfef7e2d33ec7303872e7b4",
          "version": "0.1.1"
        }
      },
      {
        "package": "Auth",
        "repositoryURL": "https://github.com/vapor/auth.git",
        "state": {
          "branch": null,
          "revision": "f5834fbcb6e658ae8313195cb915ebb475f4a6a8",
          "version": "1.2.0"
        }
      },
      {
        "package": "AuthProvider",
        "repositoryURL": "https://github.com/vapor/auth-provider.git",
        "state": {
          "branch": null,
          "revision": "c8a89d5f32873a7ec6037e2c78a192526c496618",
          "version": "1.2.0"
        }
      },
      {
        "package": "BCrypt",
        "repositoryURL": "https://github.com/vapor/bcrypt.git",
        "state": {
          "branch": null,
          "revision": "3ee4aca16ba6ebfb1ad48cc5fd4dfb163c6d6be8",
          "version": "1.1.0"
        }
      },
      {
        "package": "Bits",
        "repositoryURL": "https://github.com/vapor/bits.git",
        "state": {
          "branch": null,
          "revision": "c32f5e6ae2007dccd21a92b7e33eba842dd80d2f",
          "version": "1.1.0"
        }
      },
      {
        "package": "CMySQL",
        "repositoryURL": "https://github.com/vapor/cmysql.git",
        "state": {
          "branch": null,
          "revision": "d931ed6ce52e772cd364fc0da59312440d6eee43",
          "version": "2.0.2"
        }
      },
      {
        "package": "CTLS",
        "repositoryURL": "https://github.com/vapor/ctls.git",
        "state": {
          "branch": null,
          "revision": "fddec6a4643d6e85b6bb6dc54b1b5cdbabd395d2",
          "version": "1.1.2"
        }
      },
      {
        "package": "Console",
        "repositoryURL": "https://github.com/vapor/console.git",
        "state": {
          "branch": null,
          "revision": "11c0694857d1be6c7b8b30d8db8b1162b73f2a2b",
          "version": "2.2.0"
        }
      },
      {
        "package": "Core",
        "repositoryURL": "https://github.com/vapor/core.git",
        "state": {
          "branch": null,
          "revision": "b8330808f4f6b69941961afe8ad6b015562f7b7c",
          "version": "2.1.2"
        }
      },
      {
        "package": "Crypto",
        "repositoryURL": "https://github.com/vapor/crypto.git",
        "state": {
          "branch": null,
          "revision": "bf4470b9da79024aab79c85de80374f6c29e3864",
          "version": "2.1.1"
        }
      },
      {
        "package": "DataURI",
        "repositoryURL": "https://github.com/nodes-vapor/data-uri.git",
        "state": {
          "branch": null,
          "revision": "babd70670a1f92591370dbb46a3e27f73984d7a1",
          "version": "1.0.0"
        }
      },
      {
        "package": "Debugging",
        "repositoryURL": "https://github.com/vapor/debugging.git",
        "state": {
          "branch": null,
          "revision": "49c5e8f0a7cb5456a8f7c72c6cd9f1553e5885a8",
          "version": "1.1.0"
        }
      },
      {
        "package": "Engine",
        "repositoryURL": "https://github.com/vapor/engine.git",
        "state": {
          "branch": null,
          "revision": "decf702d774ac630dfe0441ff76b4bb68257b77a",
          "version": "2.2.1"
        }
      },
      {
        "package": "Flash",
        "repositoryURL": "https://github.com/nodes-vapor/flash.git",
        "state": {
          "branch": null,
          "revision": "11fcef1a1f5f180bd63ef9c1b82c216288c049b0",
          "version": "1.0.0"
        }
      },
      {
        "package": "Fluent",
        "repositoryURL": "https://github.com/vapor/fluent.git",
        "state": {
          "branch": null,
          "revision": "271ab0e0b9a81d0befc2673332715c3384f186bf",
          "version": "2.4.0"
        }
      },
      {
        "package": "FluentProvider",
        "repositoryURL": "https://github.com/vapor/fluent-provider.git",
        "state": {
          "branch": null,
          "revision": "baaa6091c175382661d3a8a2b2ecb440986a37cb",
          "version": "1.1.1"
        }
      },
      {
        "package": "JSON",
        "repositoryURL": "https://github.com/vapor/json.git",
        "state": {
          "branch": null,
          "revision": "5c2a62771cefdb04b1f96f4ccc52b581fe20cfb1",
          "version": "2.2.0"
        }
      },
      {
        "package": "Leaf",
        "repositoryURL": "https://github.com/vapor/leaf.git",
        "state": {
          "branch": null,
          "revision": "84d8af322158b71284c0ebd513f1c18474837d40",
          "version": "2.0.2"
        }
      },
      {
        "package": "LeafProvider",
        "repositoryURL": "https://github.com/vapor/leaf-provider.git",
        "state": {
          "branch": null,
          "revision": "0cbeb0db6fc955c2cf12a0293c1e54f16cbb1ca3",
          "version": "1.1.0"
        }
      },
      {
        "package": "MimeLib",
        "repositoryURL": "https://github.com/manGoweb/MimeLib.git",
        "state": {
          "branch": null,
          "revision": "e795b624b3e9e2d57a9ba0e11543a6ee7c32067e",
          "version": "1.0.0"
        }
      },
      {
        "package": "Multipart",
        "repositoryURL": "https://github.com/vapor/multipart.git",
        "state": {
          "branch": null,
          "revision": "f32d0952b8d4dfcef5ea194e85c1968d90f97bf0",
          "version": "2.1.0"
        }
      },
      {
        "package": "MySQL",
        "repositoryURL": "https://github.com/vapor/mysql.git",
        "state": {
          "branch": null,
          "revision": "45d6c07a1715a2a1f52e27be918b860dfda5a198",
          "version": "2.0.2"
        }
      },
      {
        "package": "MySQLDriver",
        "repositoryURL": "https://github.com/vapor/mysql-driver.git",
        "state": {
          "branch": null,
          "revision": "bf16cc056a57a1d8c4fb25add22666112c1206e4",
          "version": "2.0.2"
        }
      },
      {
        "package": "MySQLProvider",
        "repositoryURL": "https://github.com/vapor/mysql-provider.git",
        "state": {
          "branch": null,
          "revision": "b32b3ccce7cbe6f76a63dd9cab493ed458a31222",
          "version": "2.0.0"
        }
      },
      {
        "package": "Node",
        "repositoryURL": "https://github.com/vapor/node.git",
        "state": {
          "branch": null,
          "revision": "642f357d08ec5aa335ae2e3c4633c72da7b5a0c4",
          "version": "2.1.1"
        }
      },
      {
        "package": "Paginator",
        "repositoryURL": "https://github.com/nodes-vapor/paginator.git",
        "state": {
          "branch": null,
          "revision": "e7e72f435db434b15b53714c90f6149743254ff5",
          "version": "1.1.2"
        }
      },
      {
        "package": "Random",
        "repositoryURL": "https://github.com/vapor/random.git",
        "state": {
          "branch": null,
          "revision": "d7c4397d125caba795d14d956efacfe2a27a63d0",
          "version": "1.2.0"
        }
      },
      {
        "package": "Routing",
        "repositoryURL": "https://github.com/vapor/routing.git",
        "state": {
          "branch": null,
          "revision": "66750975f5e5abaacf4bfa4d37ec85dd20c89312",
          "version": "2.1.0"
        }
      },
      {
        "package": "SQLite",
        "repositoryURL": "https://github.com/vapor/sqlite.git",
        "state": {
          "branch": null,
          "revision": "f110cbe9ff5283eca7d2edf1b8ee69dfb8b666d6",
          "version": "2.2.0"
        }
      },
      {
        "package": "Slugify",
        "repositoryURL": "https://github.com/nodes-vapor/slugify.git",
        "state": {
          "branch": null,
          "revision": "96f892d0e386f164ee82e3c551e7f58d0fbad27a",
          "version": "1.0.0"
        }
      },
      {
        "package": "Sockets",
        "repositoryURL": "https://github.com/vapor/sockets.git",
        "state": {
          "branch": null,
          "revision": "f6b06982e94db71227e99c56fec5899a8526e8ad",
          "version": "2.1.0"
        }
      },
      {
        "package": "Storage",
        "repositoryURL": "https://github.com/nodes-vapor/storage.git",
        "state": {
          "branch": null,
          "revision": "98107ea21e2c36b15a65cbd25aedbdc506ff559a",
          "version": "0.4.0"
        }
      },
      {
        "package": "TLS",
        "repositoryURL": "https://github.com/vapor/tls.git",
        "state": {
          "branch": null,
          "revision": "6c6eedb6761cddc6b6c87142a27eec13fa1701ec",
          "version": "2.1.1"
        }
      },
      {
        "package": "Vapor",
        "repositoryURL": "https://github.com/vapor/vapor.git",
        "state": {
          "branch": null,
          "revision": "59bde985edbdf6480c541485317c8d41cc5fefb7",
          "version": "2.2.2"
        }
      }
    ]
  },
  "version": 1
}
